proto_outdir = "./third_party/proto"

[[dependencies]]
  target = "github.com/cosmos/cosmos-sdk/third_party/proto"
  revision = "84c33215658131d87daf3c629e909e12ed9370fa"
  branch = ""
  path = ""
  protocol = ""

[[dependencies]]
  target = "github.com/cosmos/cosmos-sdk/proto"
  revision = "84c33215658131d87daf3c629e909e12ed9370fa"
  branch = ""
  path = ""
  protocol = ""
